
Microsoft Visual Studio Solution File, Format Version 12.00
# Visual Studio Version 17
VisualStudioVersion = 17.8.34525.116
MinimumVisualStudioVersion = 10.0.40219.1
Project("{FAE04EC0-301F-11D3-BF4B-00C04F79EFBC}") = "Intro", "Intro\Intro.csproj", "{5CEEF6A8-3F96-40B2-9CB0-B63BEB3A1212}"
EndProject
Global
	GlobalSection(SolutionConfigurationPlatforms) = preSolution
		Debug|Any CPU = Debug|Any CPU
		Release|Any CPU = Release|Any CPU
	EndGlobalSection
	GlobalSection(ProjectConfigurationPlatforms) = postSolution
		{5CEEF6A8-3F96-40B2-9CB0-B63BEB3A1212}.Debug|Any CPU.ActiveCfg = Debug|Any CPU
		{5CEEF6A8-3F96-40B2-9CB0-B63BEB3A1212}.Debug|Any CPU.Build.0 = Debug|Any CPU
		{5CEEF6A8-3F96-40B2-9CB0-B63BEB3A1212}.Release|Any CPU.ActiveCfg = Release|Any CPU
		{5CEEF6A8-3F96-40B2-9CB0-B63BEB3A1212}.Release|Any CPU.Build.0 = Release|Any CPU
	EndGlobalSection
	GlobalSection(SolutionProperties) = preSolution
		HideSolutionNode = FALSE
	EndGlobalSection
	GlobalSection(ExtensibilityGlobals) = postSolution
		SolutionGuid = {6D86B6B5-3970-45A2-A0F7-FE613C2E4A4C}
	EndGlobalSection
EndGlobal
